// !$*UTF8*$!
{
	archiveVersion = 1;
	classes = {
	};
	objectVersion = 50;
	objects = {

/* Begin PBXBuildFile section */
		8D1D335C22D9FE0B004BB29A /* AppDelegate.m in Sources */ = {isa = PBXBuildFile; fileRef = 8D1D335B22D9FE0B004BB29A /* AppDelegate.m */; };
		8D1D335F22D9FE0B004BB29A /* ViewController.m in Sources */ = {isa = PBXBuildFile; fileRef = 8D1D335E22D9FE0B004BB29A /* ViewController.m */; };
		8D1D336222D9FE0B004BB29A /* Main.storyboard in Resources */ = {isa = PBXBuildFile; fileRef = 8D1D336022D9FE0B004BB29A /* Main.storyboard */; };
		8D1D336422D9FE0C004BB29A /* Assets.xcassets in Resources */ = {isa = PBXBuildFile; fileRef = 8D1D336322D9FE0C004BB29A /* Assets.xcassets */; };
		8D1D336722D9FE0C004BB29A /* LaunchScreen.storyboard in Resources */ = {isa = PBXBuildFile; fileRef = 8D1D336522D9FE0C004BB29A /* LaunchScreen.storyboard */; };
		8D1D336A22D9FE0D004BB29A /* main.m in Sources */ = {isa = PBXBuildFile; fileRef = 8D1D336922D9FE0D004BB29A /* main.m */; };
		8D1D337422D9FE0D004BB29A /* SGCrayfishExampleTests.m in Sources */ = {isa = PBXBuildFile; fileRef = 8D1D337322D9FE0D004BB29A /* SGCrayfishExampleTests.m */; };
		8D1D337F22D9FE0D004BB29A /* SGCrayfishExampleUITests.m in Sources */ = {isa = PBXBuildFile; fileRef = 8D1D337E22D9FE0D004BB29A /* SGCrayfishExampleUITests.m */; };
		8D1D339422D9FF8D004BB29A /* SGGuidePageView.m in Sources */ = {isa = PBXBuildFile; fileRef = 8D1D338E22D9FF8D004BB29A /* SGGuidePageView.m */; };
		8D1D339522D9FF8D004BB29A /* SGActionSheet.m in Sources */ = {isa = PBXBuildFile; fileRef = 8D1D339122D9FF8D004BB29A /* SGActionSheet.m */; };
		8D1D339B22DA01AF004BB29A /* TagsVC.m in Sources */ = {isa = PBXBuildFile; fileRef = 8D1D339A22DA01AF004BB29A /* TagsVC.m */; };
		8D1D339E22DA01C3004BB29A /* ActionSheetVC.m in Sources */ = {isa = PBXBuildFile; fileRef = 8D1D339D22DA01C3004BB29A /* ActionSheetVC.m */; };
		8D69819B24D4675B00D9447C /* SGTagsView.m in Sources */ = {isa = PBXBuildFile; fileRef = 8D69819A24D4675B00D9447C /* SGTagsView.m */; };
/* End PBXBuildFile section */

/* Begin PBXContainerItemProxy section */
		8D1D337022D9FE0D004BB29A /* PBXContainerItemProxy */ = {
			isa = PBXContainerItemProxy;
			containerPortal = 8D1D334F22D9FE0B004BB29A /* Project object */;
			proxyType = 1;
			remoteGlobalIDString = 8D1D335622D9FE0B004BB29A;
			remoteInfo = SGCrayfishExample;
		};
		8D1D337B22D9FE0D004BB29A /* PBXContainerItemProxy */ = {
			isa = PBXContainerItemProxy;
			containerPortal = 8D1D334F22D9FE0B004BB29A /* Project object */;
			proxyType = 1;
			remoteGlobalIDString = 8D1D335622D9FE0B004BB29A;
			remoteInfo = SGCrayfishExample;
		};
/* End PBXContainerItemProxy section */

/* Begin PBXFileReference section */
		8D1D335722D9FE0B004BB29A /* SGCrayfishExample.app */ = {isa = PBXFileReference; explicitFileType = wrapper.application; includeInIndex = 0; path = SGCrayfishExample.app; sourceTree = BUILT_PRODUCTS_DIR; };
		8D1D335A22D9FE0B004BB29A /* AppDelegate.h */ = {isa = PBXFileReference; lastKnownFileType = sourcecode.c.h; path = AppDelegate.h; sourceTree = "<group>"; };
		8D1D335B22D9FE0B004BB29A /* AppDelegate.m */ = {isa = PBXFileReference; lastKnownFileType = sourcecode.c.objc; path = AppDelegate.m; sourceTree = "<group>"; };
		8D1D335D22D9FE0B004BB29A /* ViewController.h */ = {isa = PBXFileReference; lastKnownFileType = sourcecode.c.h; path = ViewController.h; sourceTree = "<group>"; };
		8D1D335E22D9FE0B004BB29A /* ViewController.m */ = {isa = PBXFileReference; lastKnownFileType = sourcecode.c.objc; path = ViewController.m; sourceTree = "<group>"; };
		8D1D336122D9FE0B004BB29A /* Base */ = {isa = PBXFileReference; lastKnownFileType = file.storyboard; name = Base; path = Base.lproj/Main.storyboard; sourceTree = "<group>"; };
		8D1D336322D9FE0C004BB29A /* Assets.xcassets */ = {isa = PBXFileReference; lastKnownFileType = folder.assetcatalog; path = Assets.xcassets; sourceTree = "<group>"; };
		8D1D336622D9FE0C004BB29A /* Base */ = {isa = PBXFileReference; lastKnownFileType = file.storyboard; name = Base; path = Base.lproj/LaunchScreen.storyboard; sourceTree = "<group>"; };
		8D1D336822D9FE0D004BB29A /* Info.plist */ = {isa = PBXFileReference; lastKnownFileType = text.plist.xml; path = Info.plist; sourceTree = "<group>"; };
		8D1D336922D9FE0D004BB29A /* main.m */ = {isa = PBXFileReference; lastKnownFileType = sourcecode.c.objc; path = main.m; sourceTree = "<group>"; };
		8D1D336F22D9FE0D004BB29A /* SGCrayfishExampleTests.xctest */ = {isa = PBXFileReference; explicitFileType = wrapper.cfbundle; includeInIndex = 0; path = SGCrayfishExampleTests.xctest; sourceTree = BUILT_PRODUCTS_DIR; };
		8D1D337322D9FE0D004BB29A /* SGCrayfishExampleTests.m */ = {isa = PBXFileReference; lastKnownFileType = sourcecode.c.objc; path = SGCrayfishExampleTests.m; sourceTree = "<group>"; };
		8D1D337522D9FE0D004BB29A /* Info.plist */ = {isa = PBXFileReference; lastKnownFileType = text.plist.xml; path = Info.plist; sourceTree = "<group>"; };
		8D1D337A22D9FE0D004BB29A /* SGCrayfishExampleUITests.xctest */ = {isa = PBXFileReference; explicitFileType = wrapper.cfbundle; includeInIndex = 0; path = SGCrayfishExampleUITests.xctest; sourceTree = BUILT_PRODUCTS_DIR; };
		8D1D337E22D9FE0D004BB29A /* SGCrayfishExampleUITests.m */ = {isa = PBXFileReference; lastKnownFileType = sourcecode.c.objc; path = SGCrayfishExampleUITests.m; sourceTree = "<group>"; };
		8D1D338022D9FE0D004BB29A /* Info.plist */ = {isa = PBXFileReference; lastKnownFileType = text.plist.xml; path = Info.plist; sourceTree = "<group>"; };
		8D1D338D22D9FF8D004BB29A /* SGGuidePageView.h */ = {isa = PBXFileReference; fileEncoding = 4; lastKnownFileType = sourcecode.c.h; path = SGGuidePageView.h; sourceTree = "<group>"; };
		8D1D338E22D9FF8D004BB29A /* SGGuidePageView.m */ = {isa = PBXFileReference; fileEncoding = 4; lastKnownFileType = sourcecode.c.objc; path = SGGuidePageView.m; sourceTree = "<group>"; };
		8D1D339022D9FF8D004BB29A /* SGActionSheet.h */ = {isa = PBXFileReference; fileEncoding = 4; lastKnownFileType = sourcecode.c.h; path = SGActionSheet.h; sourceTree = "<group>"; };
		8D1D339122D9FF8D004BB29A /* SGActionSheet.m */ = {isa = PBXFileReference; fileEncoding = 4; lastKnownFileType = sourcecode.c.objc; path = SGActionSheet.m; sourceTree = "<group>"; };
		8D1D339722D9FFA2004BB29A /* SGCrayfish.h */ = {isa = PBXFileReference; lastKnownFileType = sourcecode.c.h; path = SGCrayfish.h; sourceTree = "<group>"; };
		8D1D339922DA01AF004BB29A /* TagsVC.h */ = {isa = PBXFileReference; lastKnownFileType = sourcecode.c.h; path = TagsVC.h; sourceTree = "<group>"; };
		8D1D339A22DA01AF004BB29A /* TagsVC.m */ = {isa = PBXFileReference; lastKnownFileType = sourcecode.c.objc; path = TagsVC.m; sourceTree = "<group>"; };
		8D1D339C22DA01C3004BB29A /* ActionSheetVC.h */ = {isa = PBXFileReference; lastKnownFileType = sourcecode.c.h; path = ActionSheetVC.h; sourceTree = "<group>"; };
		8D1D339D22DA01C3004BB29A /* ActionSheetVC.m */ = {isa = PBXFileReference; lastKnownFileType = sourcecode.c.objc; path = ActionSheetVC.m; sourceTree = "<group>"; };
		8D69819924D4675B00D9447C /* SGTagsView.h */ = {isa = PBXFileReference; fileEncoding = 4; lastKnownFileType = sourcecode.c.h; path = SGTagsView.h; sourceTree = "<group>"; };
		8D69819A24D4675B00D9447C /* SGTagsView.m */ = {isa = PBXFileReference; fileEncoding = 4; lastKnownFileType = sourcecode.c.objc; path = SGTagsView.m; sourceTree = "<group>"; };
/* End PBXFileReference section */

/* Begin PBXFrameworksBuildPhase section */
		8D1D335422D9FE0B004BB29A /* Frameworks */ = {
			isa = PBXFrameworksBuildPhase;
			buildActionMask = 2147483647;
			files = (
			);
			runOnlyForDeploymentPostprocessing = 0;
		};
		8D1D336C22D9FE0D004BB29A /* Frameworks */ = {
			isa = PBXFrameworksBuildPhase;
			buildActionMask = 2147483647;
			files = (
			);
			runOnlyForDeploymentPostprocessing = 0;
		};
		8D1D337722D9FE0D004BB29A /* Frameworks */ = {
			isa = PBXFrameworksBuildPhase;
			buildActionMask = 2147483647;
			files = (
			);
			runOnlyForDeploymentPostprocessing = 0;
		};
/* End PBXFrameworksBuildPhase section */

/* Begin PBXGroup section */
		8D1D334E22D9FE0B004BB29A = {
			isa = PBXGroup;
			children = (
				8D1D338C22D9FE52004BB29A /* SGCrayfish */,
				8D1D335922D9FE0B004BB29A /* SGCrayfishExample */,
				8D1D337222D9FE0D004BB29A /* SGCrayfishExampleTests */,
				8D1D337D22D9FE0D004BB29A /* SGCrayfishExampleUITests */,
				8D1D335822D9FE0B004BB29A /* Products */,
			);
			sourceTree = "<group>";
		};
		8D1D335822D9FE0B004BB29A /* Products */ = {
			isa = PBXGroup;
			children = (
				8D1D335722D9FE0B004BB29A /* SGCrayfishExample.app */,
				8D1D336F22D9FE0D004BB29A /* SGCrayfishExampleTests.xctest */,
				8D1D337A22D9FE0D004BB29A /* SGCrayfishExampleUITests.xctest */,
			);
			name = Products;
			sourceTree = "<group>";
		};
		8D1D335922D9FE0B004BB29A /* SGCrayfishExample */ = {
			isa = PBXGroup;
			children = (
				8D1D335A22D9FE0B004BB29A /* AppDelegate.h */,
				8D1D335B22D9FE0B004BB29A /* AppDelegate.m */,
				8D1D335D22D9FE0B004BB29A /* ViewController.h */,
				8D1D335E22D9FE0B004BB29A /* ViewController.m */,
				8D1D339822DA018D004BB29A /* Controller */,
				8D1D336022D9FE0B004BB29A /* Main.storyboard */,
				8D1D336322D9FE0C004BB29A /* Assets.xcassets */,
				8D1D336522D9FE0C004BB29A /* LaunchScreen.storyboard */,
				8D1D336822D9FE0D004BB29A /* Info.plist */,
				8D1D336922D9FE0D004BB29A /* main.m */,
			);
			path = SGCrayfishExample;
			sourceTree = "<group>";
		};
		8D1D337222D9FE0D004BB29A /* SGCrayfishExampleTests */ = {
			isa = PBXGroup;
			children = (
				8D1D337322D9FE0D004BB29A /* SGCrayfishExampleTests.m */,
				8D1D337522D9FE0D004BB29A /* Info.plist */,
			);
			path = SGCrayfishExampleTests;
			sourceTree = "<group>";
		};
		8D1D337D22D9FE0D004BB29A /* SGCrayfishExampleUITests */ = {
			isa = PBXGroup;
			children = (
				8D1D337E22D9FE0D004BB29A /* SGCrayfishExampleUITests.m */,
				8D1D338022D9FE0D004BB29A /* Info.plist */,
			);
			path = SGCrayfishExampleUITests;
			sourceTree = "<group>";
		};
		8D1D338C22D9FE52004BB29A /* SGCrayfish */ = {
			isa = PBXGroup;
			children = (
				8D1D339722D9FFA2004BB29A /* SGCrayfish.h */,
				8D69819924D4675B00D9447C /* SGTagsView.h */,
				8D69819A24D4675B00D9447C /* SGTagsView.m */,
				8D1D339022D9FF8D004BB29A /* SGActionSheet.h */,
				8D1D339122D9FF8D004BB29A /* SGActionSheet.m */,
				8D1D338D22D9FF8D004BB29A /* SGGuidePageView.h */,
				8D1D338E22D9FF8D004BB29A /* SGGuidePageView.m */,
			);
			path = SGCrayfish;
			sourceTree = "<group>";
		};
		8D1D339822DA018D004BB29A /* Controller */ = {
			isa = PBXGroup;
			children = (
				8D1D339922DA01AF004BB29A /* TagsVC.h */,
				8D1D339A22DA01AF004BB29A /* TagsVC.m */,
				8D1D339C22DA01C3004BB29A /* ActionSheetVC.h */,
				8D1D339D22DA01C3004BB29A /* ActionSheetVC.m */,
			);
			path = Controller;
			sourceTree = "<group>";
		};
/* End PBXGroup section */

/* Begin PBXNativeTarget section */
		8D1D335622D9FE0B004BB29A /* SGCrayfishExample */ = {
			isa = PBXNativeTarget;
			buildConfigurationList = 8D1D338322D9FE0D004BB29A /* Build configuration list for PBXNativeTarget "SGCrayfishExample" */;
			buildPhases = (
				8D1D335322D9FE0B004BB29A /* Sources */,
				8D1D335422D9FE0B004BB29A /* Frameworks */,
				8D1D335522D9FE0B004BB29A /* Resources */,
			);
			buildRules = (
			);
			dependencies = (
			);
			name = SGCrayfishExample;
			productName = SGCrayfishExample;
			productReference = 8D1D335722D9FE0B004BB29A /* SGCrayfishExample.app */;
			productType = "com.apple.product-type.application";
		};
		8D1D336E22D9FE0D004BB29A /* SGCrayfishExampleTests */ = {
			isa = PBXNativeTarget;
			buildConfigurationList = 8D1D338622D9FE0D004BB29A /* Build configuration list for PBXNativeTarget "SGCrayfishExampleTests" */;
			buildPhases = (
				8D1D336B22D9FE0D004BB29A /* Sources */,
				8D1D336C22D9FE0D004BB29A /* Frameworks */,
				8D1D336D22D9FE0D004BB29A /* Resources */,
			);
			buildRules = (
			);
			dependencies = (
				8D1D337122D9FE0D004BB29A /* PBXTargetDependency */,
			);
			name = SGCrayfishExampleTests;
			productName = SGCrayfishExampleTests;
			productReference = 8D1D336F22D9FE0D004BB29A /* SGCrayfishExampleTests.xctest */;
			productType = "com.apple.product-type.bundle.unit-test";
		};
		8D1D337922D9FE0D004BB29A /* SGCrayfishExampleUITests */ = {
			isa = PBXNativeTarget;
			buildConfigurationList = 8D1D338922D9FE0D004BB29A /* Build configuration list for PBXNativeTarget "SGCrayfishExampleUITests" */;
			buildPhases = (
				8D1D337622D9FE0D004BB29A /* Sources */,
				8D1D337722D9FE0D004BB29A /* Frameworks */,
				8D1D337822D9FE0D004BB29A /* Resources */,
			);
			buildRules = (
			);
			dependencies = (
				8D1D337C22D9FE0D004BB29A /* PBXTargetDependency */,
			);
			name = SGCrayfishExampleUITests;
			productName = SGCrayfishExampleUITests;
			productReference = 8D1D337A22D9FE0D004BB29A /* SGCrayfishExampleUITests.xctest */;
			productType = "com.apple.product-type.bundle.ui-testing";
		};
/* End PBXNativeTarget section */

/* Begin PBXProject section */
		8D1D334F22D9FE0B004BB29A /* Project object */ = {
			isa = PBXProject;
			attributes = {
				LastUpgradeCheck = 1010;
				ORGANIZATIONNAME = kingsic;
				TargetAttributes = {
					8D1D335622D9FE0B004BB29A = {
						CreatedOnToolsVersion = 10.1;
					};
					8D1D336E22D9FE0D004BB29A = {
						CreatedOnToolsVersion = 10.1;
						TestTargetID = 8D1D335622D9FE0B004BB29A;
					};
					8D1D337922D9FE0D004BB29A = {
						CreatedOnToolsVersion = 10.1;
						TestTargetID = 8D1D335622D9FE0B004BB29A;
					};
				};
			};
			buildConfigurationList = 8D1D335222D9FE0B004BB29A /* Build configuration list for PBXProject "SGCrayfishExample" */;
			compatibilityVersion = "Xcode 9.3";
			developmentRegion = en;
			hasScannedForEncodings = 0;
			knownRegions = (
				en,
				Base,
			);
			mainGroup = 8D1D334E22D9FE0B004BB29A;
			productRefGroup = 8D1D335822D9FE0B004BB29A /* Products */;
			projectDirPath = "";
			projectRoot = "";
			targets = (
				8D1D335622D9FE0B004BB29A /* SGCrayfishExample */,
				8D1D336E22D9FE0D004BB29A /* SGCrayfishExampleTests */,
				8D1D337922D9FE0D004BB29A /* SGCrayfishExampleUITests */,
			);
		};
/* End PBXProject section */

/* Begin PBXResourcesBuildPhase section */
		8D1D335522D9FE0B004BB29A /* Resources */ = {
			isa = PBXResourcesBuildPhase;
			buildActionMask = 2147483647;
			files = (
				8D1D336722D9FE0C004BB29A /* LaunchScreen.storyboard in Resources */,
				8D1D336422D9FE0C004BB29A /* Assets.xcassets in Resources */,
				8D1D336222D9FE0B004BB29A /* Main.storyboard in Resources */,
			);
			runOnlyForDeploymentPostprocessing = 0;
		};
		8D1D336D22D9FE0D004BB29A /* Resources */ = {
			isa = PBXResourcesBuildPhase;
			buildActionMask = 2147483647;
			files = (
			);
			runOnlyForDeploymentPostprocessing = 0;
		};
		8D1D337822D9FE0D004BB29A /* Resources */ = {
			isa = PBXResourcesBuildPhase;
			buildActionMask = 2147483647;
			files = (
			);
			runOnlyForDeploymentPostprocessing = 0;
		};
/* End PBXResourcesBuildPhase section */

/* Begin PBXSourcesBuildPhase section */
		8D1D335322D9FE0B004BB29A /* Sources */ = {
			isa = PBXSourcesBuildPhase;
			buildActionMask = 2147483647;
			files = (
				8D1D339522D9FF8D004BB29A /* SGActionSheet.m in Sources */,
				8D1D339422D9FF8D004BB29A /* SGGuidePageView.m in Sources */,
				8D1D339E22DA01C3004BB29A /* ActionSheetVC.m in Sources */,
				8D69819B24D4675B00D9447C /* SGTagsView.m in Sources */,
				8D1D335F22D9FE0B004BB29A /* ViewController.m in Sources */,
				8D1D339B22DA01AF004BB29A /* TagsVC.m in Sources */,
				8D1D336A22D9FE0D004BB29A /* main.m in Sources */,
				8D1D335C22D9FE0B004BB29A /* AppDelegate.m in Sources */,
			);
			runOnlyForDeploymentPostprocessing = 0;
		};
		8D1D336B22D9FE0D004BB29A /* Sources */ = {
			isa = PBXSourcesBuildPhase;
			buildActionMask = 2147483647;
			files = (
				8D1D337422D9FE0D004BB29A /* SGCrayfishExampleTests.m in Sources */,
			);
			runOnlyForDeploymentPostprocessing = 0;
		};
		8D1D337622D9FE0D004BB29A /* Sources */ = {
			isa = PBXSourcesBuildPhase;
			buildActionMask = 2147483647;
			files = (
				8D1D337F22D9FE0D004BB29A /* SGCrayfishExampleUITests.m in Sources */,
			);
			runOnlyForDeploymentPostprocessing = 0;
		};
/* End PBXSourcesBuildPhase section */

/* Begin PBXTargetDependency section */
		8D1D337122D9FE0D004BB29A /* PBXTargetDependency */ = {
			isa = PBXTargetDependency;
			target = 8D1D335622D9FE0B004BB29A /* SGCrayfishExample */;
			targetProxy = 8D1D337022D9FE0D004BB29A /* PBXContainerItemProxy */;
		};
		8D1D337C22D9FE0D004BB29A /* PBXTargetDependency */ = {
			isa = PBXTargetDependency;
			target = 8D1D335622D9FE0B004BB29A /* SGCrayfishExample */;
			targetProxy = 8D1D337B22D9FE0D004BB29A /* PBXContainerItemProxy */;
		};
/* End PBXTargetDependency section */

/* Begin PBXVariantGroup section */
		8D1D336022D9FE0B004BB29A /* Main.storyboard */ = {
			isa = PBXVariantGroup;
			children = (
				8D1D336122D9FE0B004BB29A /* Base */,
			);
			name = Main.storyboard;
			sourceTree = "<group>";
		};
		8D1D336522D9FE0C004BB29A /* LaunchScreen.storyboard */ = {
			isa = PBXVariantGroup;
			children = (
				8D1D336622D9FE0C004BB29A /* Base */,
			);
			name = LaunchScreen.storyboard;
			sourceTree = "<group>";
		};
/* End PBXVariantGroup section */

/* Begin XCBuildConfiguration section */
		8D1D338122D9FE0D004BB29A /* Debug */ = {
			isa = XCBuildConfiguration;
			buildSettings = {
				ALWAYS_SEARCH_USER_PATHS = NO;
				CLANG_ANALYZER_NONNULL = YES;
				CLANG_ANALYZER_NUMBER_OBJECT_CONVERSION = YES_AGGRESSIVE;
				CLANG_CXX_LANGUAGE_STANDARD = "gnu++14";
				CLANG_CXX_LIBRARY = "libc++";
				CLANG_ENABLE_MODULES = YES;
				CLANG_ENABLE_OBJC_ARC = YES;
				CLANG_ENABLE_OBJC_WEAK = YES;
				CLANG_WARN_BLOCK_CAPTURE_AUTORELEASING = YES;
				CLANG_WARN_BOOL_CONVERSION = YES;
				CLANG_WARN_COMMA = YES;
				CLANG_WARN_CONSTANT_CONVERSION = YES;
				CLANG_WARN_DEPRECATED_OBJC_IMPLEMENTATIONS = YES;
				CLANG_WARN_DIRECT_OBJC_ISA_USAGE = YES_ERROR;
				CLANG_WARN_DOCUMENTATION_COMMENTS = YES;
				CLANG_WARN_EMPTY_BODY = YES;
				CLANG_WARN_ENUM_CONVERSION = YES;
				CLANG_WARN_INFINITE_RECURSION = YES;
				CLANG_WARN_INT_CONVERSION = YES;
				CLANG_WARN_NON_LITERAL_NULL_CONVERSION = YES;
				CLANG_WARN_OBJC_IMPLICIT_RETAIN_SELF = YES;
				CLANG_WARN_OBJC_LITERAL_CONVERSION = YES;
				CLANG_WARN_OBJC_ROOT_CLASS = YES_ERROR;
				CLANG_WARN_RANGE_LOOP_ANALYSIS = YES;
				CLANG_WARN_STRICT_PROTOTYPES = YES;
				CLANG_WARN_SUSPICIOUS_MOVE = YES;
				CLANG_WARN_UNGUARDED_AVAILABILITY = YES_AGGRESSIVE;
				CLANG_WARN_UNREACHABLE_CODE = YES;
				CLANG_WARN__DUPLICATE_METHOD_MATCH = YES;
				CODE_SIGN_IDENTITY = "iPhone Developer";
				COPY_PHASE_STRIP = NO;
				DEBUG_INFORMATION_FORMAT = dwarf;
				ENABLE_STRICT_OBJC_MSGSEND = YES;
				ENABLE_TESTABILITY = YES;
				GCC_C_LANGUAGE_STANDARD = gnu11;
				GCC_DYNAMIC_NO_PIC = NO;
				GCC_NO_COMMON_BLOCKS = YES;
				GCC_OPTIMIZATION_LEVEL = 0;
				GCC_PREPROCESSOR_DEFINITIONS = (
					"DEBUG=1",
					"$(inherited)",
				);
				GCC_WARN_64_TO_32_BIT_CONVERSION = YES;
				GCC_WARN_ABOUT_RETURN_TYPE = YES_ERROR;
				GCC_WARN_UNDECLARED_SELECTOR = YES;
				GCC_WARN_UNINITIALIZED_AUTOS = YES_AGGRESSIVE;
				GCC_WARN_UNUSED_FUNCTION = YES;
				GCC_WARN_UNUSED_VARIABLE = YES;
				IPHONEOS_DEPLOYMENT_TARGET = 12.1;
				MTL_ENABLE_DEBUG_INFO = INCLUDE_SOURCE;
				MTL_FAST_MATH = YES;
				ONLY_ACTIVE_ARCH = YES;
				SDKROOT = iphoneos;
			};
			name = Debug;
		};
		8D1D338222D9FE0D004BB29A /* Release */ = {
			isa = XCBuildConfiguration;
			buildSettings = {
				ALWAYS_SEARCH_USER_PATHS = NO;
				CLANG_ANALYZER_NONNULL = YES;
				CLANG_ANALYZER_NUMBER_OBJECT_CONVERSION = YES_AGGRESSIVE;
				CLANG_CXX_LANGUAGE_STANDARD = "gnu++14";
				CLANG_CXX_LIBRARY = "libc++";
				CLANG_ENABLE_MODULES = YES;
				CLANG_ENABLE_OBJC_ARC = YES;
				CLANG_ENABLE_OBJC_WEAK = YES;
				CLANG_WARN_BLOCK_CAPTURE_AUTORELEASING = YES;
				CLANG_WARN_BOOL_CONVERSION = YES;
				CLANG_WARN_COMMA = YES;
				CLANG_WARN_CONSTANT_CONVERSION = YES;
				CLANG_WARN_DEPRECATED_OBJC_IMPLEMENTATIONS = YES;
				CLANG_WARN_DIRECT_OBJC_ISA_USAGE = YES_ERROR;
				CLANG_WARN_DOCUMENTATION_COMMENTS = YES;
				CLANG_WARN_EMPTY_BODY = YES;
				CLANG_WARN_ENUM_CONVERSION = YES;
				CLANG_WARN_INFINITE_RECURSION = YES;
				CLANG_WARN_INT_CONVERSION = YES;
				CLANG_WARN_NON_LITERAL_NULL_CONVERSION = YES;
				CLANG_WARN_OBJC_IMPLICIT_RETAIN_SELF = YES;
				CLANG_WARN_OBJC_LITERAL_CONVERSION = YES;
				CLANG_WARN_OBJC_ROOT_CLASS = YES_ERROR;
				CLANG_WARN_RANGE_LOOP_ANALYSIS = YES;
				CLANG_WARN_STRICT_PROTOTYPES = YES;
				CLANG_WARN_SUSPICIOUS_MOVE = YES;
				CLANG_WARN_UNGUARDED_AVAILABILITY = YES_AGGRESSIVE;
				CLANG_WARN_UNREACHABLE_CODE = YES;
				CLANG_WARN__DUPLICATE_METHOD_MATCH = YES;
				CODE_SIGN_IDENTITY = "iPhone Developer";
				COPY_PHASE_STRIP = NO;
				DEBUG_INFORMATION_FORMAT = "dwarf-with-dsym";
				ENABLE_NS_ASSERTIONS = NO;
				ENABLE_STRICT_OBJC_MSGSEND = YES;
				GCC_C_LANGUAGE_STANDARD = gnu11;
				GCC_NO_COMMON_BLOCKS = YES;
				GCC_WARN_64_TO_32_BIT_CONVERSION = YES;
				GCC_WARN_ABOUT_RETURN_TYPE = YES_ERROR;
				GCC_WARN_UNDECLARED_SELECTOR = YES;
				GCC_WARN_UNINITIALIZED_AUTOS = YES_AGGRESSIVE;
				GCC_WARN_UNUSED_FUNCTION = YES;
				GCC_WARN_UNUSED_VARIABLE = YES;
				IPHONEOS_DEPLOYMENT_TARGET = 12.1;
				MTL_ENABLE_DEBUG_INFO = NO;
				MTL_FAST_MATH = YES;
				SDKROOT = iphoneos;
				VALIDATE_PRODUCT = YES;
			};
			name = Release;
		};
		8D1D338422D9FE0D004BB29A /* Debug */ = {
			isa = XCBuildConfiguration;
			buildSettings = {
				ASSETCATALOG_COMPILER_APPICON_NAME = AppIcon;
				CODE_SIGN_STYLE = Automatic;
				DEVELOPMENT_TEAM = "";
				INFOPLIST_FILE = SGCrayfishExample/Info.plist;
				LD_RUNPATH_SEARCH_PATHS = (
					"$(inherited)",
					"@executable_path/Frameworks",
				);
				PRODUCT_BUNDLE_IDENTIFIER = com.SGCrayfishExample;
				PRODUCT_NAME = "$(TARGET_NAME)";
				TARGETED_DEVICE_FAMILY = 1;
			};
			name = Debug;
		};
		8D1D338522D9FE0D004BB29A /* Release */ = {
			isa = XCBuildConfiguration;
			buildSettings = {
				ASSETCATALOG_COMPILER_APPICON_NAME = AppIcon;
				CODE_SIGN_STYLE = Automatic;
				DEVELOPMENT_TEAM = "";
				INFOPLIST_FILE = SGCrayfishExample/Info.plist;
				LD_RUNPATH_SEARCH_PATHS = (
					"$(inherited)",
					"@executable_path/Frameworks",
				);
				PRODUCT_BUNDLE_IDENTIFIER = com.SGCrayfishExample;
				PRODUCT_NAME = "$(TARGET_NAME)";
				TARGETED_DEVICE_FAMILY = 1;
			};
			name = Release;
		};
		8D1D338722D9FE0D004BB29A /* Debug */ = {
			isa = XCBuildConfiguration;
			buildSettings = {
				BUNDLE_LOADER = "$(TEST_HOST)";
				CODE_SIGN_STYLE = Automatic;
				INFOPLIST_FILE = SGCrayfishExampleTests/Info.plist;
				LD_RUNPATH_SEARCH_PATHS = (
					"$(inherited)",
					"@executable_path/Frameworks",
					"@loader_path/Frameworks",
				);
				PRODUCT_BUNDLE_IDENTIFIER = com.SGCrayfishExampleTests;
				PRODUCT_NAME = "$(TARGET_NAME)";
				TARGETED_DEVICE_FAMILY = "1,2";
				TEST_HOST = "$(BUILT_PRODUCTS_DIR)/SGCrayfishExample.app/SGCrayfishExample";
			};
			name = Debug;
		};
		8D1D338822D9FE0D004BB29A /* Release */ = {
			isa = XCBuildConfiguration;
			buildSettings = {
				BUNDLE_LOADER = "$(TEST_HOST)";
				CODE_SIGN_STYLE = Automatic;
				INFOPLIST_FILE = SGCrayfishExampleTests/Info.plist;
				LD_RUNPATH_SEARCH_PATHS = (
					"$(inherited)",
					"@executable_path/Frameworks",
					"@loader_path/Frameworks",
				);
				PRODUCT_BUNDLE_IDENTIFIER = com.SGCrayfishExampleTests;
				PRODUCT_NAME = "$(TARGET_NAME)";
				TARGETED_DEVICE_FAMILY = "1,2";
				TEST_HOST = "$(BUILT_PRODUCTS_DIR)/SGCrayfishExample.app/SGCrayfishExample";
			};
			name = Release;
		};
		8D1D338A22D9FE0D004BB29A /* Debug */ = {
			isa = XCBuildConfiguration;
			buildSettings = {
				CODE_SIGN_STYLE = Automatic;
				INFOPLIST_FILE = SGCrayfishExampleUITests/Info.plist;
				LD_RUNPATH_SEARCH_PATHS = (
					"$(inherited)",
					"@executable_path/Frameworks",
					"@loader_path/Frameworks",
				);
				PRODUCT_BUNDLE_IDENTIFIER = com.SGCrayfishExampleUITests;
				PRODUCT_NAME = "$(TARGET_NAME)";
				TARGETED_DEVICE_FAMILY = "1,2";
				TEST_TARGET_NAME = SGCrayfishExample;
			};
			name = Debug;
		};
		8D1D338B22D9FE0D004BB29A /* Release */ = {
			isa = XCBuildConfiguration;
			buildSettings = {
				CODE_SIGN_STYLE = Automatic;
				INFOPLIST_FILE = SGCrayfishExampleUITests/Info.plist;
				LD_RUNPATH_SEARCH_PATHS = (
					"$(inherited)",
					"@executable_path/Frameworks",
					"@loader_path/Frameworks",
				);
				PRODUCT_BUNDLE_IDENTIFIER = com.SGCrayfishExampleUITests;
				PRODUCT_NAME = "$(TARGET_NAME)";
				TARGETED_DEVICE_FAMILY = "1,2";
				TEST_TARGET_NAME = SGCrayfishExample;
			};
			name = Release;
		};
/* End XCBuildConfiguration section */

/* Begin XCConfigurationList section */
		8D1D335222D9FE0B004BB29A /* Build configuration list for PBXProject "SGCrayfishExample" */ = {
			isa = XCConfigurationList;
			buildConfigurations = (
				8D1D338122D9FE0D004BB29A /* Debug */,
				8D1D338222D9FE0D004BB29A /* Release */,
			);
			defaultConfigurationIsVisible = 0;
			defaultConfigurationName = Release;
		};
		8D1D338322D9FE0D004BB29A /* Build configuration list for PBXNativeTarget "SGCrayfishExample" */ = {
			isa = XCConfigurationList;
			buildConfigurations = (
				8D1D338422D9FE0D004BB29A /* Debug */,
				8D1D338522D9FE0D004BB29A /* Release */,
			);
			defaultConfigurationIsVisible = 0;
			defaultConfigurationName = Release;
		};
		8D1D338622D9FE0D004BB29A /* Build configuration list for PBXNativeTarget "SGCrayfishExampleTests" */ = {
			isa = XCConfigurationList;
			buildConfigurations = (
				8D1D338722D9FE0D004BB29A /* Debug */,
				8D1D338822D9FE0D004BB29A /* Release */,
			);
			defaultConfigurationIsVisible = 0;
			defaultConfigurationName = Release;
		};
		8D1D338922D9FE0D004BB29A /* Build configuration list for PBXNativeTarget "SGCrayfishExampleUITests" */ = {
			isa = XCConfigurationList;
			buildConfigurations = (
				8D1D338A22D9FE0D004BB29A /* Debug */,
				8D1D338B22D9FE0D004BB29A /* Release */,
			);
			defaultConfigurationIsVisible = 0;
			defaultConfigurationName = Release;
		};
/* End XCConfigurationList section */
	};
	rootObject = 8D1D334F22D9FE0B004BB29A /* Project object */;
}
